
Microsoft Visual Studio Solution File, Format Version 12.00
# Visual Studio Version 16
VisualStudioVersion = 16.0.30503.244
MinimumVisualStudioVersion = 10.0.40219.1
Project("{2150E333-8FDC-42A3-9474-1A3956D46DE8}") = "Lib", "Lib", "{B6B22FB8-21DB-4AC1-B692-CAB07561AF94}"
EndProject
Project("{2150E333-8FDC-42A3-9474-1A3956D46DE8}") = "Tests", "Tests", "{F015D250-F4FB-4904-93F2-15604A00F3FF}"
EndProject
Project("{2150E333-8FDC-42A3-9474-1A3956D46DE8}") = "Apps", "Apps", "{9642C4C4-1FCC-4F25-BD5A-3325428F2882}"
EndProject
Project("{9A19103F-16F7-4668-BE54-9A1E7A4F7556}") = "HubWebApp.AuthApi", "Lib\HubWebApi.AuthApi\HubWebApp.AuthApi.csproj", "{5E864615-623B-49BE-853E-CFE2025F3BD2}"
EndProject
Project("{9A19103F-16F7-4668-BE54-9A1E7A4F7556}") = "HubWebApp.Api", "Lib\HubWebApp.Api\HubWebApp.Api.csproj", "{A1EE0511-5A51-4539-806F-D4C84782446E}"
EndProject
Project("{9A19103F-16F7-4668-BE54-9A1E7A4F7556}") = "HubWebApp.ApiControllers", "Lib\HubWebApp.ApiControllers\HubWebApp.ApiControllers.csproj", "{33C09C7B-FAD5-4CB7-88EF-2269B41077FD}"
EndProject
Project("{9A19103F-16F7-4668-BE54-9A1E7A4F7556}") = "HubWebApp.ApiTemplate", "Lib\HubWebApp.ApiTemplate\HubWebApp.ApiTemplate.csproj", "{8AB3FD89-4F40-4E34-92C7-B2186F20D0E2}"
EndProject
Project("{9A19103F-16F7-4668-BE54-9A1E7A4F7556}") = "HubWebApp.Client", "Lib\HubWebApp.Client\HubWebApp.Client.csproj", "{99E99D5C-973F-4C53-8E35-E18924792075}"
EndProject
Project("{9A19103F-16F7-4668-BE54-9A1E7A4F7556}") = "HubWebApp.UserAdminApi", "Lib\HubWebApp.UserAdminApi\HubWebApp.UserAdminApi.csproj", "{28A821CF-21A6-4D93-B938-FD21CB4D6005}"
EndProject
Project("{9A19103F-16F7-4668-BE54-9A1E7A4F7556}") = "HubWebApp", "Apps\HubWebApp\HubWebApp.csproj", "{14783390-7D24-4EAF-A576-2544D1B1B1EF}"
EndProject
Project("{9A19103F-16F7-4668-BE54-9A1E7A4F7556}") = "HubApiGeneratorApp", "Apps\HubApiGeneratorApp\HubApiGeneratorApp.csproj", "{AD25619A-EFBF-4710-BD98-85BC8BDA4AE9}"
EndProject
Project("{2150E333-8FDC-42A3-9474-1A3956D46DE8}") = "Solution Items", "Solution Items", "{E167D40E-9DB8-40E5-A388-FAD1FEFBC7C0}"
	ProjectSection(SolutionItems) = preProject
		.gitignore = .gitignore
		apigenerator.ps1 = apigenerator.ps1
		backupappdb.ps1 = backupappdb.ps1
		beginpublishversion.ps1 = beginpublishversion.ps1
		endpublishversion.ps1 = endpublishversion.ps1
		hubsetup.ps1 = hubsetup.ps1
		newversion.ps1 = newversion.ps1
		publishapp.ps1 = publishapp.ps1
		readme.md = readme.md
		resetappdb.ps1 = resetappdb.ps1
		restoreappdb.ps1 = restoreappdb.ps1
		runwebpack.ps1 = runwebpack.ps1
		Version.Targets = Version.Targets
		xtiuser.ps1 = xtiuser.ps1
	EndProjectSection
EndProject
Project("{9A19103F-16F7-4668-BE54-9A1E7A4F7556}") = "HubWebApp.Extensions", "Lib\HubWebApp.Extensions\HubWebApp.Extensions.csproj", "{CAE048F6-E844-48A8-9357-10FCF512BD16}"
EndProject
Project("{9A19103F-16F7-4668-BE54-9A1E7A4F7556}") = "HubWebApp.Fakes", "Lib\HubWebApp.Fakes\HubWebApp.Fakes.csproj", "{52C42886-4AE4-4806-9522-1A23D0681BC0}"
EndProject
Project("{9A19103F-16F7-4668-BE54-9A1E7A4F7556}") = "HubWebApp.Tests", "Tests\HubWebApp.Tests\HubWebApp.Tests.csproj", "{4E815D32-B1E2-4BE4-9B3D-3CC6CF8C7484}"
EndProject
Project("{9A19103F-16F7-4668-BE54-9A1E7A4F7556}") = "HubWebApp.IntegrationTests", "Tests\HubWebApp.IntegrationTests\HubWebApp.IntegrationTests.csproj", "{17780D78-1CD1-4BC7-97F7-1A4007CED363}"
EndProject
Project("{9A19103F-16F7-4668-BE54-9A1E7A4F7556}") = "HubSetupConsoleApp", "Apps\HubSetupConsoleApp\HubSetupConsoleApp.csproj", "{20ADCC54-DB62-45D5-8B5A-351F570C1BF7}"
EndProject
Project("{9A19103F-16F7-4668-BE54-9A1E7A4F7556}") = "HubWebApp.Core", "Lib\HubWebApp.Core\HubWebApp.Core.csproj", "{84B45295-CBF0-4817-ADCD-DDD19D239A99}"
EndProject
Global
	GlobalSection(SolutionConfigurationPlatforms) = preSolution
		Debug|Any CPU = Debug|Any CPU
		Release|Any CPU = Release|Any CPU
	EndGlobalSection
	GlobalSection(ProjectConfigurationPlatforms) = postSolution
		{5E864615-623B-49BE-853E-CFE2025F3BD2}.Debug|Any CPU.ActiveCfg = Debug|Any CPU
		{5E864615-623B-49BE-853E-CFE2025F3BD2}.Debug|Any CPU.Build.0 = Debug|Any CPU
		{5E864615-623B-49BE-853E-CFE2025F3BD2}.Release|Any CPU.ActiveCfg = Release|Any CPU
		{5E864615-623B-49BE-853E-CFE2025F3BD2}.Release|Any CPU.Build.0 = Release|Any CPU
		{A1EE0511-5A51-4539-806F-D4C84782446E}.Debug|Any CPU.ActiveCfg = Debug|Any CPU
		{A1EE0511-5A51-4539-806F-D4C84782446E}.Debug|Any CPU.Build.0 = Debug|Any CPU
		{A1EE0511-5A51-4539-806F-D4C84782446E}.Release|Any CPU.ActiveCfg = Release|Any CPU
		{A1EE0511-5A51-4539-806F-D4C84782446E}.Release|Any CPU.Build.0 = Release|Any CPU
		{33C09C7B-FAD5-4CB7-88EF-2269B41077FD}.Debug|Any CPU.ActiveCfg = Debug|Any CPU
		{33C09C7B-FAD5-4CB7-88EF-2269B41077FD}.Debug|Any CPU.Build.0 = Debug|Any CPU
		{33C09C7B-FAD5-4CB7-88EF-2269B41077FD}.Release|Any CPU.ActiveCfg = Release|Any CPU
		{33C09C7B-FAD5-4CB7-88EF-2269B41077FD}.Release|Any CPU.Build.0 = Release|Any CPU
		{8AB3FD89-4F40-4E34-92C7-B2186F20D0E2}.Debug|Any CPU.ActiveCfg = Debug|Any CPU
		{8AB3FD89-4F40-4E34-92C7-B2186F20D0E2}.Debug|Any CPU.Build.0 = Debug|Any CPU
		{8AB3FD89-4F40-4E34-92C7-B2186F20D0E2}.Release|Any CPU.ActiveCfg = Release|Any CPU
		{8AB3FD89-4F40-4E34-92C7-B2186F20D0E2}.Release|Any CPU.Build.0 = Release|Any CPU
		{99E99D5C-973F-4C53-8E35-E18924792075}.Debug|Any CPU.ActiveCfg = Debug|Any CPU
		{99E99D5C-973F-4C53-8E35-E18924792075}.Debug|Any CPU.Build.0 = Debug|Any CPU
		{99E99D5C-973F-4C53-8E35-E18924792075}.Release|Any CPU.ActiveCfg = Release|Any CPU
		{99E99D5C-973F-4C53-8E35-E18924792075}.Release|Any CPU.Build.0 = Release|Any CPU
		{28A821CF-21A6-4D93-B938-FD21CB4D6005}.Debug|Any CPU.ActiveCfg = Debug|Any CPU
		{28A821CF-21A6-4D93-B938-FD21CB4D6005}.Debug|Any CPU.Build.0 = Debug|Any CPU
		{28A821CF-21A6-4D93-B938-FD21CB4D6005}.Release|Any CPU.ActiveCfg = Release|Any CPU
		{28A821CF-21A6-4D93-B938-FD21CB4D6005}.Release|Any CPU.Build.0 = Release|Any CPU
		{14783390-7D24-4EAF-A576-2544D1B1B1EF}.Debug|Any CPU.ActiveCfg = Debug|Any CPU
		{14783390-7D24-4EAF-A576-2544D1B1B1EF}.Debug|Any CPU.Build.0 = Debug|Any CPU
		{14783390-7D24-4EAF-A576-2544D1B1B1EF}.Release|Any CPU.ActiveCfg = Release|Any CPU
		{14783390-7D24-4EAF-A576-2544D1B1B1EF}.Release|Any CPU.Build.0 = Release|Any CPU
		{AD25619A-EFBF-4710-BD98-85BC8BDA4AE9}.Debug|Any CPU.ActiveCfg = Debug|Any CPU
		{AD25619A-EFBF-4710-BD98-85BC8BDA4AE9}.Debug|Any CPU.Build.0 = Debug|Any CPU
		{AD25619A-EFBF-4710-BD98-85BC8BDA4AE9}.Release|Any CPU.ActiveCfg = Release|Any CPU
		{AD25619A-EFBF-4710-BD98-85BC8BDA4AE9}.Release|Any CPU.Build.0 = Release|Any CPU
		{CAE048F6-E844-48A8-9357-10FCF512BD16}.Debug|Any CPU.ActiveCfg = Debug|Any CPU
		{CAE048F6-E844-48A8-9357-10FCF512BD16}.Debug|Any CPU.Build.0 = Debug|Any CPU
		{CAE048F6-E844-48A8-9357-10FCF512BD16}.Release|Any CPU.ActiveCfg = Release|Any CPU
		{CAE048F6-E844-48A8-9357-10FCF512BD16}.Release|Any CPU.Build.0 = Release|Any CPU
		{52C42886-4AE4-4806-9522-1A23D0681BC0}.Debug|Any CPU.ActiveCfg = Debug|Any CPU
		{52C42886-4AE4-4806-9522-1A23D0681BC0}.Debug|Any CPU.Build.0 = Debug|Any CPU
		{52C42886-4AE4-4806-9522-1A23D0681BC0}.Release|Any CPU.ActiveCfg = Release|Any CPU
		{52C42886-4AE4-4806-9522-1A23D0681BC0}.Release|Any CPU.Build.0 = Release|Any CPU
		{4E815D32-B1E2-4BE4-9B3D-3CC6CF8C7484}.Debug|Any CPU.ActiveCfg = Debug|Any CPU
		{4E815D32-B1E2-4BE4-9B3D-3CC6CF8C7484}.Debug|Any CPU.Build.0 = Debug|Any CPU
		{4E815D32-B1E2-4BE4-9B3D-3CC6CF8C7484}.Release|Any CPU.ActiveCfg = Release|Any CPU
		{4E815D32-B1E2-4BE4-9B3D-3CC6CF8C7484}.Release|Any CPU.Build.0 = Release|Any CPU
		{17780D78-1CD1-4BC7-97F7-1A4007CED363}.Debug|Any CPU.ActiveCfg = Debug|Any CPU
		{17780D78-1CD1-4BC7-97F7-1A4007CED363}.Debug|Any CPU.Build.0 = Debug|Any CPU
		{17780D78-1CD1-4BC7-97F7-1A4007CED363}.Release|Any CPU.ActiveCfg = Release|Any CPU
		{17780D78-1CD1-4BC7-97F7-1A4007CED363}.Release|Any CPU.Build.0 = Release|Any CPU
		{20ADCC54-DB62-45D5-8B5A-351F570C1BF7}.Debug|Any CPU.ActiveCfg = Debug|Any CPU
		{20ADCC54-DB62-45D5-8B5A-351F570C1BF7}.Debug|Any CPU.Build.0 = Debug|Any CPU
		{20ADCC54-DB62-45D5-8B5A-351F570C1BF7}.Release|Any CPU.ActiveCfg = Release|Any CPU
		{20ADCC54-DB62-45D5-8B5A-351F570C1BF7}.Release|Any CPU.Build.0 = Release|Any CPU
		{84B45295-CBF0-4817-ADCD-DDD19D239A99}.Debug|Any CPU.ActiveCfg = Debug|Any CPU
		{84B45295-CBF0-4817-ADCD-DDD19D239A99}.Debug|Any CPU.Build.0 = Debug|Any CPU
		{84B45295-CBF0-4817-ADCD-DDD19D239A99}.Release|Any CPU.ActiveCfg = Release|Any CPU
		{84B45295-CBF0-4817-ADCD-DDD19D239A99}.Release|Any CPU.Build.0 = Release|Any CPU
	EndGlobalSection
	GlobalSection(SolutionProperties) = preSolution
		HideSolutionNode = FALSE
	EndGlobalSection
	GlobalSection(NestedProjects) = preSolution
		{5E864615-623B-49BE-853E-CFE2025F3BD2} = {B6B22FB8-21DB-4AC1-B692-CAB07561AF94}
		{A1EE0511-5A51-4539-806F-D4C84782446E} = {B6B22FB8-21DB-4AC1-B692-CAB07561AF94}
		{33C09C7B-FAD5-4CB7-88EF-2269B41077FD} = {B6B22FB8-21DB-4AC1-B692-CAB07561AF94}
		{8AB3FD89-4F40-4E34-92C7-B2186F20D0E2} = {B6B22FB8-21DB-4AC1-B692-CAB07561AF94}
		{99E99D5C-973F-4C53-8E35-E18924792075} = {B6B22FB8-21DB-4AC1-B692-CAB07561AF94}
		{28A821CF-21A6-4D93-B938-FD21CB4D6005} = {B6B22FB8-21DB-4AC1-B692-CAB07561AF94}
		{14783390-7D24-4EAF-A576-2544D1B1B1EF} = {9642C4C4-1FCC-4F25-BD5A-3325428F2882}
		{AD25619A-EFBF-4710-BD98-85BC8BDA4AE9} = {9642C4C4-1FCC-4F25-BD5A-3325428F2882}
		{CAE048F6-E844-48A8-9357-10FCF512BD16} = {B6B22FB8-21DB-4AC1-B692-CAB07561AF94}
		{52C42886-4AE4-4806-9522-1A23D0681BC0} = {B6B22FB8-21DB-4AC1-B692-CAB07561AF94}
		{4E815D32-B1E2-4BE4-9B3D-3CC6CF8C7484} = {F015D250-F4FB-4904-93F2-15604A00F3FF}
		{17780D78-1CD1-4BC7-97F7-1A4007CED363} = {F015D250-F4FB-4904-93F2-15604A00F3FF}
		{20ADCC54-DB62-45D5-8B5A-351F570C1BF7} = {9642C4C4-1FCC-4F25-BD5A-3325428F2882}
		{84B45295-CBF0-4817-ADCD-DDD19D239A99} = {B6B22FB8-21DB-4AC1-B692-CAB07561AF94}
	EndGlobalSection
	GlobalSection(ExtensibilityGlobals) = postSolution
		SolutionGuid = {4B2D5BDD-06CA-46B4-989B-9CA31B0DC192}
	EndGlobalSection
EndGlobal
