
Microsoft Visual Studio Solution File, Format Version 12.00
# Visual Studio Version 16
VisualStudioVersion = 16.0.30503.244
MinimumVisualStudioVersion = 10.0.40219.1
Project("{2150E333-8FDC-42A3-9474-1A3956D46DE8}") = "Lib", "Lib", "{B6B22FB8-21DB-4AC1-B692-CAB07561AF94}"
EndProject
Project("{2150E333-8FDC-42A3-9474-1A3956D46DE8}") = "Tests", "Tests", "{F015D250-F4FB-4904-93F2-15604A00F3FF}"
EndProject
Project("{2150E333-8FDC-42A3-9474-1A3956D46DE8}") = "Apps", "Apps", "{9642C4C4-1FCC-4F25-BD5A-3325428F2882}"
EndProject
Project("{9A19103F-16F7-4668-BE54-9A1E7A4F7556}") = "HubWebApp.Client", "Lib\HubWebApp.Client\HubWebApp.Client.csproj", "{99E99D5C-973F-4C53-8E35-E18924792075}"
EndProject
Project("{9A19103F-16F7-4668-BE54-9A1E7A4F7556}") = "HubWebApp", "Apps\HubWebApp\HubWebApp.csproj", "{14783390-7D24-4EAF-A576-2544D1B1B1EF}"
EndProject
Project("{9A19103F-16F7-4668-BE54-9A1E7A4F7556}") = "HubApiGeneratorApp", "Apps\HubApiGeneratorApp\HubApiGeneratorApp.csproj", "{AD25619A-EFBF-4710-BD98-85BC8BDA4AE9}"
EndProject
Project("{2150E333-8FDC-42A3-9474-1A3956D46DE8}") = "Solution Items", "Solution Items", "{E167D40E-9DB8-40E5-A388-FAD1FEFBC7C0}"
	ProjectSection(SolutionItems) = preProject
		.gitignore = .gitignore
		Hub.ps1 = Hub.ps1
		PublishTest.ps1 = PublishTest.ps1
		readme.md = readme.md
	EndProjectSection
EndProject
Project("{9A19103F-16F7-4668-BE54-9A1E7A4F7556}") = "HubWebApp.Tests", "Tests\HubWebApp.Tests\HubWebApp.Tests.csproj", "{4E815D32-B1E2-4BE4-9B3D-3CC6CF8C7484}"
EndProject
Project("{9A19103F-16F7-4668-BE54-9A1E7A4F7556}") = "HubWebApp.IntegrationTests", "Tests\HubWebApp.IntegrationTests\HubWebApp.IntegrationTests.csproj", "{17780D78-1CD1-4BC7-97F7-1A4007CED363}"
EndProject
Project("{9A19103F-16F7-4668-BE54-9A1E7A4F7556}") = "HubSetupConsoleApp", "Apps\HubSetupConsoleApp\HubSetupConsoleApp.csproj", "{20ADCC54-DB62-45D5-8B5A-351F570C1BF7}"
EndProject
Project("{2150E333-8FDC-42A3-9474-1A3956D46DE8}") = "Internal", "Internal", "{F6E913C7-749F-4515-8A50-415A5C0BDAE7}"
EndProject
Project("{9A19103F-16F7-4668-BE54-9A1E7A4F7556}") = "HubWebApp.AuthApi", "Internal\HubWebApi.AuthApi\HubWebApp.AuthApi.csproj", "{B70BC270-BCAD-4ECD-B851-991087C4ECED}"
EndProject
Project("{9A19103F-16F7-4668-BE54-9A1E7A4F7556}") = "HubWebApp.Api", "Internal\HubWebApp.Api\HubWebApp.Api.csproj", "{A9842BD2-AD2F-481E-AE36-0FB1AAC831FA}"
EndProject
Project("{9A19103F-16F7-4668-BE54-9A1E7A4F7556}") = "HubWebApp.ApiControllers", "Internal\HubWebApp.ApiControllers\HubWebApp.ApiControllers.csproj", "{54256375-5235-45B5-9C1F-F8E45AE11BC4}"
EndProject
Project("{9A19103F-16F7-4668-BE54-9A1E7A4F7556}") = "HubWebApp.ApiTemplate", "Internal\HubWebApp.ApiTemplate\HubWebApp.ApiTemplate.csproj", "{717A24C8-1D3E-468D-A331-B4E6E4343F3A}"
EndProject
Project("{9A19103F-16F7-4668-BE54-9A1E7A4F7556}") = "HubWebApp.Core", "Internal\HubWebApp.Core\HubWebApp.Core.csproj", "{1C45F5BD-E547-4749-9F15-31D542138A2A}"
EndProject
Project("{9A19103F-16F7-4668-BE54-9A1E7A4F7556}") = "HubWebApp.Extensions", "Internal\HubWebApp.Extensions\HubWebApp.Extensions.csproj", "{BEFCF76E-7BBB-44A3-A93C-D52DC34A3F11}"
EndProject
Project("{9A19103F-16F7-4668-BE54-9A1E7A4F7556}") = "HubWebApp.Fakes", "Internal\HubWebApp.Fakes\HubWebApp.Fakes.csproj", "{4269A0D5-4D61-4C75-AAA3-63631C6ADBF8}"
EndProject
Project("{9A19103F-16F7-4668-BE54-9A1E7A4F7556}") = "HubWebApp.UserAdminApi", "Internal\HubWebApp.UserAdminApi\HubWebApp.UserAdminApi.csproj", "{35F3636B-9068-43E6-A4C9-FFB5E159CC9A}"
EndProject
Project("{9A19103F-16F7-4668-BE54-9A1E7A4F7556}") = "HubWebApp.EndToEndTests", "Tests\HubWebApp.EndToEndTests\HubWebApp.EndToEndTests.csproj", "{D61A3BF0-9C52-4C97-ADD6-171FB8665C0D}"
EndProject
Global
	GlobalSection(SolutionConfigurationPlatforms) = preSolution
		Debug|Any CPU = Debug|Any CPU
		Release|Any CPU = Release|Any CPU
	EndGlobalSection
	GlobalSection(ProjectConfigurationPlatforms) = postSolution
		{99E99D5C-973F-4C53-8E35-E18924792075}.Debug|Any CPU.ActiveCfg = Debug|Any CPU
		{99E99D5C-973F-4C53-8E35-E18924792075}.Debug|Any CPU.Build.0 = Debug|Any CPU
		{99E99D5C-973F-4C53-8E35-E18924792075}.Release|Any CPU.ActiveCfg = Release|Any CPU
		{99E99D5C-973F-4C53-8E35-E18924792075}.Release|Any CPU.Build.0 = Release|Any CPU
		{14783390-7D24-4EAF-A576-2544D1B1B1EF}.Debug|Any CPU.ActiveCfg = Debug|Any CPU
		{14783390-7D24-4EAF-A576-2544D1B1B1EF}.Debug|Any CPU.Build.0 = Debug|Any CPU
		{14783390-7D24-4EAF-A576-2544D1B1B1EF}.Release|Any CPU.ActiveCfg = Release|Any CPU
		{14783390-7D24-4EAF-A576-2544D1B1B1EF}.Release|Any CPU.Build.0 = Release|Any CPU
		{AD25619A-EFBF-4710-BD98-85BC8BDA4AE9}.Debug|Any CPU.ActiveCfg = Debug|Any CPU
		{AD25619A-EFBF-4710-BD98-85BC8BDA4AE9}.Debug|Any CPU.Build.0 = Debug|Any CPU
		{AD25619A-EFBF-4710-BD98-85BC8BDA4AE9}.Release|Any CPU.ActiveCfg = Release|Any CPU
		{AD25619A-EFBF-4710-BD98-85BC8BDA4AE9}.Release|Any CPU.Build.0 = Release|Any CPU
		{4E815D32-B1E2-4BE4-9B3D-3CC6CF8C7484}.Debug|Any CPU.ActiveCfg = Debug|Any CPU
		{4E815D32-B1E2-4BE4-9B3D-3CC6CF8C7484}.Debug|Any CPU.Build.0 = Debug|Any CPU
		{4E815D32-B1E2-4BE4-9B3D-3CC6CF8C7484}.Release|Any CPU.ActiveCfg = Release|Any CPU
		{4E815D32-B1E2-4BE4-9B3D-3CC6CF8C7484}.Release|Any CPU.Build.0 = Release|Any CPU
		{17780D78-1CD1-4BC7-97F7-1A4007CED363}.Debug|Any CPU.ActiveCfg = Debug|Any CPU
		{17780D78-1CD1-4BC7-97F7-1A4007CED363}.Debug|Any CPU.Build.0 = Debug|Any CPU
		{17780D78-1CD1-4BC7-97F7-1A4007CED363}.Release|Any CPU.ActiveCfg = Release|Any CPU
		{17780D78-1CD1-4BC7-97F7-1A4007CED363}.Release|Any CPU.Build.0 = Release|Any CPU
		{20ADCC54-DB62-45D5-8B5A-351F570C1BF7}.Debug|Any CPU.ActiveCfg = Debug|Any CPU
		{20ADCC54-DB62-45D5-8B5A-351F570C1BF7}.Debug|Any CPU.Build.0 = Debug|Any CPU
		{20ADCC54-DB62-45D5-8B5A-351F570C1BF7}.Release|Any CPU.ActiveCfg = Release|Any CPU
		{20ADCC54-DB62-45D5-8B5A-351F570C1BF7}.Release|Any CPU.Build.0 = Release|Any CPU
		{B70BC270-BCAD-4ECD-B851-991087C4ECED}.Debug|Any CPU.ActiveCfg = Debug|Any CPU
		{B70BC270-BCAD-4ECD-B851-991087C4ECED}.Debug|Any CPU.Build.0 = Debug|Any CPU
		{B70BC270-BCAD-4ECD-B851-991087C4ECED}.Release|Any CPU.ActiveCfg = Release|Any CPU
		{B70BC270-BCAD-4ECD-B851-991087C4ECED}.Release|Any CPU.Build.0 = Release|Any CPU
		{A9842BD2-AD2F-481E-AE36-0FB1AAC831FA}.Debug|Any CPU.ActiveCfg = Debug|Any CPU
		{A9842BD2-AD2F-481E-AE36-0FB1AAC831FA}.Debug|Any CPU.Build.0 = Debug|Any CPU
		{A9842BD2-AD2F-481E-AE36-0FB1AAC831FA}.Release|Any CPU.ActiveCfg = Release|Any CPU
		{A9842BD2-AD2F-481E-AE36-0FB1AAC831FA}.Release|Any CPU.Build.0 = Release|Any CPU
		{54256375-5235-45B5-9C1F-F8E45AE11BC4}.Debug|Any CPU.ActiveCfg = Debug|Any CPU
		{54256375-5235-45B5-9C1F-F8E45AE11BC4}.Debug|Any CPU.Build.0 = Debug|Any CPU
		{54256375-5235-45B5-9C1F-F8E45AE11BC4}.Release|Any CPU.ActiveCfg = Release|Any CPU
		{54256375-5235-45B5-9C1F-F8E45AE11BC4}.Release|Any CPU.Build.0 = Release|Any CPU
		{717A24C8-1D3E-468D-A331-B4E6E4343F3A}.Debug|Any CPU.ActiveCfg = Debug|Any CPU
		{717A24C8-1D3E-468D-A331-B4E6E4343F3A}.Debug|Any CPU.Build.0 = Debug|Any CPU
		{717A24C8-1D3E-468D-A331-B4E6E4343F3A}.Release|Any CPU.ActiveCfg = Release|Any CPU
		{717A24C8-1D3E-468D-A331-B4E6E4343F3A}.Release|Any CPU.Build.0 = Release|Any CPU
		{1C45F5BD-E547-4749-9F15-31D542138A2A}.Debug|Any CPU.ActiveCfg = Debug|Any CPU
		{1C45F5BD-E547-4749-9F15-31D542138A2A}.Debug|Any CPU.Build.0 = Debug|Any CPU
		{1C45F5BD-E547-4749-9F15-31D542138A2A}.Release|Any CPU.ActiveCfg = Release|Any CPU
		{1C45F5BD-E547-4749-9F15-31D542138A2A}.Release|Any CPU.Build.0 = Release|Any CPU
		{BEFCF76E-7BBB-44A3-A93C-D52DC34A3F11}.Debug|Any CPU.ActiveCfg = Debug|Any CPU
		{BEFCF76E-7BBB-44A3-A93C-D52DC34A3F11}.Debug|Any CPU.Build.0 = Debug|Any CPU
		{BEFCF76E-7BBB-44A3-A93C-D52DC34A3F11}.Release|Any CPU.ActiveCfg = Release|Any CPU
		{BEFCF76E-7BBB-44A3-A93C-D52DC34A3F11}.Release|Any CPU.Build.0 = Release|Any CPU
		{4269A0D5-4D61-4C75-AAA3-63631C6ADBF8}.Debug|Any CPU.ActiveCfg = Debug|Any CPU
		{4269A0D5-4D61-4C75-AAA3-63631C6ADBF8}.Debug|Any CPU.Build.0 = Debug|Any CPU
		{4269A0D5-4D61-4C75-AAA3-63631C6ADBF8}.Release|Any CPU.ActiveCfg = Release|Any CPU
		{4269A0D5-4D61-4C75-AAA3-63631C6ADBF8}.Release|Any CPU.Build.0 = Release|Any CPU
		{35F3636B-9068-43E6-A4C9-FFB5E159CC9A}.Debug|Any CPU.ActiveCfg = Debug|Any CPU
		{35F3636B-9068-43E6-A4C9-FFB5E159CC9A}.Debug|Any CPU.Build.0 = Debug|Any CPU
		{35F3636B-9068-43E6-A4C9-FFB5E159CC9A}.Release|Any CPU.ActiveCfg = Release|Any CPU
		{35F3636B-9068-43E6-A4C9-FFB5E159CC9A}.Release|Any CPU.Build.0 = Release|Any CPU
		{D61A3BF0-9C52-4C97-ADD6-171FB8665C0D}.Debug|Any CPU.ActiveCfg = Debug|Any CPU
		{D61A3BF0-9C52-4C97-ADD6-171FB8665C0D}.Debug|Any CPU.Build.0 = Debug|Any CPU
		{D61A3BF0-9C52-4C97-ADD6-171FB8665C0D}.Release|Any CPU.ActiveCfg = Release|Any CPU
		{D61A3BF0-9C52-4C97-ADD6-171FB8665C0D}.Release|Any CPU.Build.0 = Release|Any CPU
	EndGlobalSection
	GlobalSection(SolutionProperties) = preSolution
		HideSolutionNode = FALSE
	EndGlobalSection
	GlobalSection(NestedProjects) = preSolution
		{99E99D5C-973F-4C53-8E35-E18924792075} = {B6B22FB8-21DB-4AC1-B692-CAB07561AF94}
		{14783390-7D24-4EAF-A576-2544D1B1B1EF} = {9642C4C4-1FCC-4F25-BD5A-3325428F2882}
		{AD25619A-EFBF-4710-BD98-85BC8BDA4AE9} = {9642C4C4-1FCC-4F25-BD5A-3325428F2882}
		{4E815D32-B1E2-4BE4-9B3D-3CC6CF8C7484} = {F015D250-F4FB-4904-93F2-15604A00F3FF}
		{17780D78-1CD1-4BC7-97F7-1A4007CED363} = {F015D250-F4FB-4904-93F2-15604A00F3FF}
		{20ADCC54-DB62-45D5-8B5A-351F570C1BF7} = {9642C4C4-1FCC-4F25-BD5A-3325428F2882}
		{B70BC270-BCAD-4ECD-B851-991087C4ECED} = {F6E913C7-749F-4515-8A50-415A5C0BDAE7}
		{A9842BD2-AD2F-481E-AE36-0FB1AAC831FA} = {F6E913C7-749F-4515-8A50-415A5C0BDAE7}
		{54256375-5235-45B5-9C1F-F8E45AE11BC4} = {F6E913C7-749F-4515-8A50-415A5C0BDAE7}
		{717A24C8-1D3E-468D-A331-B4E6E4343F3A} = {F6E913C7-749F-4515-8A50-415A5C0BDAE7}
		{1C45F5BD-E547-4749-9F15-31D542138A2A} = {F6E913C7-749F-4515-8A50-415A5C0BDAE7}
		{BEFCF76E-7BBB-44A3-A93C-D52DC34A3F11} = {F6E913C7-749F-4515-8A50-415A5C0BDAE7}
		{4269A0D5-4D61-4C75-AAA3-63631C6ADBF8} = {F6E913C7-749F-4515-8A50-415A5C0BDAE7}
		{35F3636B-9068-43E6-A4C9-FFB5E159CC9A} = {F6E913C7-749F-4515-8A50-415A5C0BDAE7}
		{D61A3BF0-9C52-4C97-ADD6-171FB8665C0D} = {F015D250-F4FB-4904-93F2-15604A00F3FF}
	EndGlobalSection
	GlobalSection(ExtensibilityGlobals) = postSolution
		SolutionGuid = {4B2D5BDD-06CA-46B4-989B-9CA31B0DC192}
	EndGlobalSection
EndGlobal
