
Microsoft Visual Studio Solution File, Format Version 12.00
# Visual Studio Version 16
VisualStudioVersion = 16.0.30503.244
MinimumVisualStudioVersion = 10.0.40219.1
Project("{2150E333-8FDC-42A3-9474-1A3956D46DE8}") = "Lib", "Lib", "{B6B22FB8-21DB-4AC1-B692-CAB07561AF94}"
EndProject
Project("{2150E333-8FDC-42A3-9474-1A3956D46DE8}") = "Tests", "Tests", "{F015D250-F4FB-4904-93F2-15604A00F3FF}"
EndProject
Project("{2150E333-8FDC-42A3-9474-1A3956D46DE8}") = "Apps", "Apps", "{9642C4C4-1FCC-4F25-BD5A-3325428F2882}"
EndProject
Project("{9A19103F-16F7-4668-BE54-9A1E7A4F7556}") = "HubWebApp", "Apps\HubWebApp\HubWebApp.csproj", "{14783390-7D24-4EAF-A576-2544D1B1B1EF}"
EndProject
Project("{9A19103F-16F7-4668-BE54-9A1E7A4F7556}") = "HubApiGeneratorApp", "Apps\HubApiGeneratorApp\HubApiGeneratorApp.csproj", "{AD25619A-EFBF-4710-BD98-85BC8BDA4AE9}"
EndProject
Project("{2150E333-8FDC-42A3-9474-1A3956D46DE8}") = "Solution Items", "Solution Items", "{E167D40E-9DB8-40E5-A388-FAD1FEFBC7C0}"
	ProjectSection(SolutionItems) = preProject
		.gitignore = .gitignore
		Hub.ps1 = Hub.ps1
		readme.md = readme.md
	EndProjectSection
EndProject
Project("{9A19103F-16F7-4668-BE54-9A1E7A4F7556}") = "HubWebApp.Tests", "Tests\HubWebApp.Tests\HubWebApp.Tests.csproj", "{4E815D32-B1E2-4BE4-9B3D-3CC6CF8C7484}"
EndProject
Project("{9A19103F-16F7-4668-BE54-9A1E7A4F7556}") = "HubWebApp.IntegrationTests", "Tests\HubWebApp.IntegrationTests\HubWebApp.IntegrationTests.csproj", "{17780D78-1CD1-4BC7-97F7-1A4007CED363}"
EndProject
Project("{2150E333-8FDC-42A3-9474-1A3956D46DE8}") = "Internal", "Internal", "{F6E913C7-749F-4515-8A50-415A5C0BDAE7}"
EndProject
Project("{9A19103F-16F7-4668-BE54-9A1E7A4F7556}") = "HubWebApp.ApiControllers", "Internal\HubWebApp.ApiControllers\HubWebApp.ApiControllers.csproj", "{54256375-5235-45B5-9C1F-F8E45AE11BC4}"
EndProject
Project("{9A19103F-16F7-4668-BE54-9A1E7A4F7556}") = "HubWebApp.Extensions", "Internal\HubWebApp.Extensions\HubWebApp.Extensions.csproj", "{BEFCF76E-7BBB-44A3-A93C-D52DC34A3F11}"
EndProject
Project("{9A19103F-16F7-4668-BE54-9A1E7A4F7556}") = "HubWebApp.Fakes", "Internal\HubWebApp.Fakes\HubWebApp.Fakes.csproj", "{4269A0D5-4D61-4C75-AAA3-63631C6ADBF8}"
EndProject
Project("{9A19103F-16F7-4668-BE54-9A1E7A4F7556}") = "HubWebApp.EndToEndTests", "Tests\HubWebApp.EndToEndTests\HubWebApp.EndToEndTests.csproj", "{D61A3BF0-9C52-4C97-ADD6-171FB8665C0D}"
EndProject
Project("{9A19103F-16F7-4668-BE54-9A1E7A4F7556}") = "XTI_HubAppClient", "Lib\XTI_HubAppClient\XTI_HubAppClient.csproj", "{085D0A81-8A19-4082-BF55-145F960374D1}"
EndProject
Project("{9A19103F-16F7-4668-BE54-9A1E7A4F7556}") = "HubSetupApp", "Apps\HubSetupApp\HubSetupApp.csproj", "{F51E0FAB-B3E0-4BD3-A5F4-CDEBE47CE706}"
EndProject
Project("{9A19103F-16F7-4668-BE54-9A1E7A4F7556}") = "XTI_HubAppApi", "Lib\XTI_HubAppApi\XTI_HubAppApi.csproj", "{65D5008A-0A79-4B9B-9F5B-57B1551BCC70}"
EndProject
Project("{9A19103F-16F7-4668-BE54-9A1E7A4F7556}") = "XTI_HubAppClient.Extensions", "Lib\XTI_HubAppClient.Extensions\XTI_HubAppClient.Extensions.csproj", "{17CBEE10-5EE6-4A1A-AD95-D695C3CD0A74}"
EndProject
Project("{9A19103F-16F7-4668-BE54-9A1E7A4F7556}") = "XTI_Hub", "Lib\XTI_Hub\XTI_Hub.csproj", "{D372E86A-D0B9-45D3-95F0-F4BE699A8A7C}"
EndProject
Project("{2150E333-8FDC-42A3-9474-1A3956D46DE8}") = "Tools", "Tools", "{D413D9EB-8AC4-40F8-AC7A-99A519E71533}"
EndProject
Project("{9A19103F-16F7-4668-BE54-9A1E7A4F7556}") = "XTI_UserTool", "Tools\XTI_UserTool\XTI_UserTool.csproj", "{74E7E7D8-0956-4590-A65F-D39257EC8E2A}"
EndProject
Project("{9A19103F-16F7-4668-BE54-9A1E7A4F7556}") = "XTI_VersionTool", "Tools\XTI_VersionTool\XTI_VersionTool.csproj", "{A3855225-AAF9-427A-828F-90757A97589B}"
EndProject
Project("{9A19103F-16F7-4668-BE54-9A1E7A4F7556}") = "XTI_Tool.Extensions", "Internal\XTI_Tool.Extensions\XTI_Tool.Extensions.csproj", "{6165CECB-38F2-4DDE-808B-2686521596D9}"
EndProject
Project("{9A19103F-16F7-4668-BE54-9A1E7A4F7556}") = "XTI_Version", "Internal\XTI_Version\XTI_Version.csproj", "{791E3C11-CFF0-4A81-8337-3972B957D1A0}"
EndProject
Project("{9A19103F-16F7-4668-BE54-9A1E7A4F7556}") = "XTI_PublishTool", "Internal\XTI_PublishTool\XTI_PublishTool.csproj", "{54127F0D-2AFC-44CE-8252-D0E9BC37FB6C}"
EndProject
Project("{9A19103F-16F7-4668-BE54-9A1E7A4F7556}") = "BuildWebApp", "Tools\BuildWebApp\BuildWebApp.csproj", "{3E2B90A5-0D5C-4968-ACC9-5A9858C7A7AA}"
EndProject
Project("{9A19103F-16F7-4668-BE54-9A1E7A4F7556}") = "InstallApp", "Tools\InstallApp\InstallApp.csproj", "{6C71B592-83E6-44C5-A4CD-0854D5518EE6}"
EndProject
Project("{9A19103F-16F7-4668-BE54-9A1E7A4F7556}") = "LocalInstallApp", "Tools\LocalInstallApp\LocalInstallApp.csproj", "{06D0A229-F327-4D28-AE35-B6C25F4E0409}"
EndProject
Project("{9A19103F-16F7-4668-BE54-9A1E7A4F7556}") = "PublishApp", "Tools\PublishApp\PublishApp.csproj", "{0987217E-1572-42AC-B249-DCC237E57765}"
EndProject
Project("{9A19103F-16F7-4668-BE54-9A1E7A4F7556}") = "XTI_VersionToolApi", "Lib\XTI_VersionToolApi\XTI_VersionToolApi.csproj", "{7044DCA1-69BB-4B41-96BA-79687055C14C}"
EndProject
Project("{9A19103F-16F7-4668-BE54-9A1E7A4F7556}") = "XTI_AppSetupApp.Extensions", "Lib\XTI_AppSetupApp.Extensions\XTI_AppSetupApp.Extensions.csproj", "{32F23E70-48F1-4BAE-B9D9-54EF33693A7D}"
EndProject
Project("{9A19103F-16F7-4668-BE54-9A1E7A4F7556}") = "XTI_HubDB.Entities", "Lib\XTI_HubDB.Entities\XTI_HubDB.Entities.csproj", "{8715F52D-7315-4F0E-A2F4-B41E40B8A657}"
EndProject
Project("{9A19103F-16F7-4668-BE54-9A1E7A4F7556}") = "XTI_HubDB.EF", "Lib\XTI_HubDB.EF\XTI_HubDB.EF.csproj", "{8E07360E-5052-4B45-B7D4-316C1652EBA1}"
EndProject
Project("{9A19103F-16F7-4668-BE54-9A1E7A4F7556}") = "XTI_HubDB.EF.InMemory", "Lib\XTI_HubDB.EF.InMemory\XTI_HubDB.EF.InMemory.csproj", "{1AB670D3-B3C1-4896-AFED-B1AEE7147FF1}"
EndProject
Project("{9A19103F-16F7-4668-BE54-9A1E7A4F7556}") = "XTI_HubDB.EF.SqlServer", "Lib\XTI_HubDB.EF.SqlServer\XTI_HubDB.EF.SqlServer.csproj", "{9AA8C2B3-B90B-4A4C-A8E5-7CCEC08F51A6}"
EndProject
Project("{9A19103F-16F7-4668-BE54-9A1E7A4F7556}") = "HubDbTool", "Tools\HubDbTool\HubDbTool.csproj", "{2ADA9DA1-5E50-4BC7-A94D-1C8DBCEB8973}"
EndProject
Global
	GlobalSection(SolutionConfigurationPlatforms) = preSolution
		Debug|Any CPU = Debug|Any CPU
		Release|Any CPU = Release|Any CPU
	EndGlobalSection
	GlobalSection(ProjectConfigurationPlatforms) = postSolution
		{14783390-7D24-4EAF-A576-2544D1B1B1EF}.Debug|Any CPU.ActiveCfg = Debug|Any CPU
		{14783390-7D24-4EAF-A576-2544D1B1B1EF}.Debug|Any CPU.Build.0 = Debug|Any CPU
		{14783390-7D24-4EAF-A576-2544D1B1B1EF}.Release|Any CPU.ActiveCfg = Release|Any CPU
		{14783390-7D24-4EAF-A576-2544D1B1B1EF}.Release|Any CPU.Build.0 = Release|Any CPU
		{AD25619A-EFBF-4710-BD98-85BC8BDA4AE9}.Debug|Any CPU.ActiveCfg = Debug|Any CPU
		{AD25619A-EFBF-4710-BD98-85BC8BDA4AE9}.Debug|Any CPU.Build.0 = Debug|Any CPU
		{AD25619A-EFBF-4710-BD98-85BC8BDA4AE9}.Release|Any CPU.ActiveCfg = Release|Any CPU
		{AD25619A-EFBF-4710-BD98-85BC8BDA4AE9}.Release|Any CPU.Build.0 = Release|Any CPU
		{4E815D32-B1E2-4BE4-9B3D-3CC6CF8C7484}.Debug|Any CPU.ActiveCfg = Debug|Any CPU
		{4E815D32-B1E2-4BE4-9B3D-3CC6CF8C7484}.Debug|Any CPU.Build.0 = Debug|Any CPU
		{4E815D32-B1E2-4BE4-9B3D-3CC6CF8C7484}.Release|Any CPU.ActiveCfg = Release|Any CPU
		{4E815D32-B1E2-4BE4-9B3D-3CC6CF8C7484}.Release|Any CPU.Build.0 = Release|Any CPU
		{17780D78-1CD1-4BC7-97F7-1A4007CED363}.Debug|Any CPU.ActiveCfg = Debug|Any CPU
		{17780D78-1CD1-4BC7-97F7-1A4007CED363}.Debug|Any CPU.Build.0 = Debug|Any CPU
		{17780D78-1CD1-4BC7-97F7-1A4007CED363}.Release|Any CPU.ActiveCfg = Release|Any CPU
		{17780D78-1CD1-4BC7-97F7-1A4007CED363}.Release|Any CPU.Build.0 = Release|Any CPU
		{54256375-5235-45B5-9C1F-F8E45AE11BC4}.Debug|Any CPU.ActiveCfg = Debug|Any CPU
		{54256375-5235-45B5-9C1F-F8E45AE11BC4}.Debug|Any CPU.Build.0 = Debug|Any CPU
		{54256375-5235-45B5-9C1F-F8E45AE11BC4}.Release|Any CPU.ActiveCfg = Release|Any CPU
		{54256375-5235-45B5-9C1F-F8E45AE11BC4}.Release|Any CPU.Build.0 = Release|Any CPU
		{BEFCF76E-7BBB-44A3-A93C-D52DC34A3F11}.Debug|Any CPU.ActiveCfg = Debug|Any CPU
		{BEFCF76E-7BBB-44A3-A93C-D52DC34A3F11}.Debug|Any CPU.Build.0 = Debug|Any CPU
		{BEFCF76E-7BBB-44A3-A93C-D52DC34A3F11}.Release|Any CPU.ActiveCfg = Release|Any CPU
		{BEFCF76E-7BBB-44A3-A93C-D52DC34A3F11}.Release|Any CPU.Build.0 = Release|Any CPU
		{4269A0D5-4D61-4C75-AAA3-63631C6ADBF8}.Debug|Any CPU.ActiveCfg = Debug|Any CPU
		{4269A0D5-4D61-4C75-AAA3-63631C6ADBF8}.Debug|Any CPU.Build.0 = Debug|Any CPU
		{4269A0D5-4D61-4C75-AAA3-63631C6ADBF8}.Release|Any CPU.ActiveCfg = Release|Any CPU
		{4269A0D5-4D61-4C75-AAA3-63631C6ADBF8}.Release|Any CPU.Build.0 = Release|Any CPU
		{D61A3BF0-9C52-4C97-ADD6-171FB8665C0D}.Debug|Any CPU.ActiveCfg = Debug|Any CPU
		{D61A3BF0-9C52-4C97-ADD6-171FB8665C0D}.Debug|Any CPU.Build.0 = Debug|Any CPU
		{D61A3BF0-9C52-4C97-ADD6-171FB8665C0D}.Release|Any CPU.ActiveCfg = Release|Any CPU
		{D61A3BF0-9C52-4C97-ADD6-171FB8665C0D}.Release|Any CPU.Build.0 = Release|Any CPU
		{085D0A81-8A19-4082-BF55-145F960374D1}.Debug|Any CPU.ActiveCfg = Debug|Any CPU
		{085D0A81-8A19-4082-BF55-145F960374D1}.Debug|Any CPU.Build.0 = Debug|Any CPU
		{085D0A81-8A19-4082-BF55-145F960374D1}.Release|Any CPU.ActiveCfg = Release|Any CPU
		{085D0A81-8A19-4082-BF55-145F960374D1}.Release|Any CPU.Build.0 = Release|Any CPU
		{F51E0FAB-B3E0-4BD3-A5F4-CDEBE47CE706}.Debug|Any CPU.ActiveCfg = Debug|Any CPU
		{F51E0FAB-B3E0-4BD3-A5F4-CDEBE47CE706}.Debug|Any CPU.Build.0 = Debug|Any CPU
		{F51E0FAB-B3E0-4BD3-A5F4-CDEBE47CE706}.Release|Any CPU.ActiveCfg = Release|Any CPU
		{F51E0FAB-B3E0-4BD3-A5F4-CDEBE47CE706}.Release|Any CPU.Build.0 = Release|Any CPU
		{65D5008A-0A79-4B9B-9F5B-57B1551BCC70}.Debug|Any CPU.ActiveCfg = Debug|Any CPU
		{65D5008A-0A79-4B9B-9F5B-57B1551BCC70}.Debug|Any CPU.Build.0 = Debug|Any CPU
		{65D5008A-0A79-4B9B-9F5B-57B1551BCC70}.Release|Any CPU.ActiveCfg = Release|Any CPU
		{65D5008A-0A79-4B9B-9F5B-57B1551BCC70}.Release|Any CPU.Build.0 = Release|Any CPU
		{17CBEE10-5EE6-4A1A-AD95-D695C3CD0A74}.Debug|Any CPU.ActiveCfg = Debug|Any CPU
		{17CBEE10-5EE6-4A1A-AD95-D695C3CD0A74}.Debug|Any CPU.Build.0 = Debug|Any CPU
		{17CBEE10-5EE6-4A1A-AD95-D695C3CD0A74}.Release|Any CPU.ActiveCfg = Release|Any CPU
		{17CBEE10-5EE6-4A1A-AD95-D695C3CD0A74}.Release|Any CPU.Build.0 = Release|Any CPU
		{D372E86A-D0B9-45D3-95F0-F4BE699A8A7C}.Debug|Any CPU.ActiveCfg = Debug|Any CPU
		{D372E86A-D0B9-45D3-95F0-F4BE699A8A7C}.Debug|Any CPU.Build.0 = Debug|Any CPU
		{D372E86A-D0B9-45D3-95F0-F4BE699A8A7C}.Release|Any CPU.ActiveCfg = Release|Any CPU
		{D372E86A-D0B9-45D3-95F0-F4BE699A8A7C}.Release|Any CPU.Build.0 = Release|Any CPU
		{74E7E7D8-0956-4590-A65F-D39257EC8E2A}.Debug|Any CPU.ActiveCfg = Debug|Any CPU
		{74E7E7D8-0956-4590-A65F-D39257EC8E2A}.Debug|Any CPU.Build.0 = Debug|Any CPU
		{74E7E7D8-0956-4590-A65F-D39257EC8E2A}.Release|Any CPU.ActiveCfg = Release|Any CPU
		{74E7E7D8-0956-4590-A65F-D39257EC8E2A}.Release|Any CPU.Build.0 = Release|Any CPU
		{A3855225-AAF9-427A-828F-90757A97589B}.Debug|Any CPU.ActiveCfg = Debug|Any CPU
		{A3855225-AAF9-427A-828F-90757A97589B}.Debug|Any CPU.Build.0 = Debug|Any CPU
		{A3855225-AAF9-427A-828F-90757A97589B}.Release|Any CPU.ActiveCfg = Release|Any CPU
		{A3855225-AAF9-427A-828F-90757A97589B}.Release|Any CPU.Build.0 = Release|Any CPU
		{6165CECB-38F2-4DDE-808B-2686521596D9}.Debug|Any CPU.ActiveCfg = Debug|Any CPU
		{6165CECB-38F2-4DDE-808B-2686521596D9}.Debug|Any CPU.Build.0 = Debug|Any CPU
		{6165CECB-38F2-4DDE-808B-2686521596D9}.Release|Any CPU.ActiveCfg = Release|Any CPU
		{6165CECB-38F2-4DDE-808B-2686521596D9}.Release|Any CPU.Build.0 = Release|Any CPU
		{791E3C11-CFF0-4A81-8337-3972B957D1A0}.Debug|Any CPU.ActiveCfg = Debug|Any CPU
		{791E3C11-CFF0-4A81-8337-3972B957D1A0}.Debug|Any CPU.Build.0 = Debug|Any CPU
		{791E3C11-CFF0-4A81-8337-3972B957D1A0}.Release|Any CPU.ActiveCfg = Release|Any CPU
		{791E3C11-CFF0-4A81-8337-3972B957D1A0}.Release|Any CPU.Build.0 = Release|Any CPU
		{54127F0D-2AFC-44CE-8252-D0E9BC37FB6C}.Debug|Any CPU.ActiveCfg = Debug|Any CPU
		{54127F0D-2AFC-44CE-8252-D0E9BC37FB6C}.Debug|Any CPU.Build.0 = Debug|Any CPU
		{54127F0D-2AFC-44CE-8252-D0E9BC37FB6C}.Release|Any CPU.ActiveCfg = Release|Any CPU
		{54127F0D-2AFC-44CE-8252-D0E9BC37FB6C}.Release|Any CPU.Build.0 = Release|Any CPU
		{3E2B90A5-0D5C-4968-ACC9-5A9858C7A7AA}.Debug|Any CPU.ActiveCfg = Debug|Any CPU
		{3E2B90A5-0D5C-4968-ACC9-5A9858C7A7AA}.Debug|Any CPU.Build.0 = Debug|Any CPU
		{3E2B90A5-0D5C-4968-ACC9-5A9858C7A7AA}.Release|Any CPU.ActiveCfg = Release|Any CPU
		{3E2B90A5-0D5C-4968-ACC9-5A9858C7A7AA}.Release|Any CPU.Build.0 = Release|Any CPU
		{6C71B592-83E6-44C5-A4CD-0854D5518EE6}.Debug|Any CPU.ActiveCfg = Debug|Any CPU
		{6C71B592-83E6-44C5-A4CD-0854D5518EE6}.Debug|Any CPU.Build.0 = Debug|Any CPU
		{6C71B592-83E6-44C5-A4CD-0854D5518EE6}.Release|Any CPU.ActiveCfg = Release|Any CPU
		{6C71B592-83E6-44C5-A4CD-0854D5518EE6}.Release|Any CPU.Build.0 = Release|Any CPU
		{06D0A229-F327-4D28-AE35-B6C25F4E0409}.Debug|Any CPU.ActiveCfg = Debug|Any CPU
		{06D0A229-F327-4D28-AE35-B6C25F4E0409}.Debug|Any CPU.Build.0 = Debug|Any CPU
		{06D0A229-F327-4D28-AE35-B6C25F4E0409}.Release|Any CPU.ActiveCfg = Release|Any CPU
		{06D0A229-F327-4D28-AE35-B6C25F4E0409}.Release|Any CPU.Build.0 = Release|Any CPU
		{0987217E-1572-42AC-B249-DCC237E57765}.Debug|Any CPU.ActiveCfg = Debug|Any CPU
		{0987217E-1572-42AC-B249-DCC237E57765}.Debug|Any CPU.Build.0 = Debug|Any CPU
		{0987217E-1572-42AC-B249-DCC237E57765}.Release|Any CPU.ActiveCfg = Release|Any CPU
		{0987217E-1572-42AC-B249-DCC237E57765}.Release|Any CPU.Build.0 = Release|Any CPU
		{7044DCA1-69BB-4B41-96BA-79687055C14C}.Debug|Any CPU.ActiveCfg = Debug|Any CPU
		{7044DCA1-69BB-4B41-96BA-79687055C14C}.Debug|Any CPU.Build.0 = Debug|Any CPU
		{7044DCA1-69BB-4B41-96BA-79687055C14C}.Release|Any CPU.ActiveCfg = Release|Any CPU
		{7044DCA1-69BB-4B41-96BA-79687055C14C}.Release|Any CPU.Build.0 = Release|Any CPU
		{32F23E70-48F1-4BAE-B9D9-54EF33693A7D}.Debug|Any CPU.ActiveCfg = Debug|Any CPU
		{32F23E70-48F1-4BAE-B9D9-54EF33693A7D}.Debug|Any CPU.Build.0 = Debug|Any CPU
		{32F23E70-48F1-4BAE-B9D9-54EF33693A7D}.Release|Any CPU.ActiveCfg = Release|Any CPU
		{32F23E70-48F1-4BAE-B9D9-54EF33693A7D}.Release|Any CPU.Build.0 = Release|Any CPU
		{8715F52D-7315-4F0E-A2F4-B41E40B8A657}.Debug|Any CPU.ActiveCfg = Debug|Any CPU
		{8715F52D-7315-4F0E-A2F4-B41E40B8A657}.Debug|Any CPU.Build.0 = Debug|Any CPU
		{8715F52D-7315-4F0E-A2F4-B41E40B8A657}.Release|Any CPU.ActiveCfg = Release|Any CPU
		{8715F52D-7315-4F0E-A2F4-B41E40B8A657}.Release|Any CPU.Build.0 = Release|Any CPU
		{8E07360E-5052-4B45-B7D4-316C1652EBA1}.Debug|Any CPU.ActiveCfg = Debug|Any CPU
		{8E07360E-5052-4B45-B7D4-316C1652EBA1}.Debug|Any CPU.Build.0 = Debug|Any CPU
		{8E07360E-5052-4B45-B7D4-316C1652EBA1}.Release|Any CPU.ActiveCfg = Release|Any CPU
		{8E07360E-5052-4B45-B7D4-316C1652EBA1}.Release|Any CPU.Build.0 = Release|Any CPU
		{1AB670D3-B3C1-4896-AFED-B1AEE7147FF1}.Debug|Any CPU.ActiveCfg = Debug|Any CPU
		{1AB670D3-B3C1-4896-AFED-B1AEE7147FF1}.Debug|Any CPU.Build.0 = Debug|Any CPU
		{1AB670D3-B3C1-4896-AFED-B1AEE7147FF1}.Release|Any CPU.ActiveCfg = Release|Any CPU
		{1AB670D3-B3C1-4896-AFED-B1AEE7147FF1}.Release|Any CPU.Build.0 = Release|Any CPU
		{9AA8C2B3-B90B-4A4C-A8E5-7CCEC08F51A6}.Debug|Any CPU.ActiveCfg = Debug|Any CPU
		{9AA8C2B3-B90B-4A4C-A8E5-7CCEC08F51A6}.Debug|Any CPU.Build.0 = Debug|Any CPU
		{9AA8C2B3-B90B-4A4C-A8E5-7CCEC08F51A6}.Release|Any CPU.ActiveCfg = Release|Any CPU
		{9AA8C2B3-B90B-4A4C-A8E5-7CCEC08F51A6}.Release|Any CPU.Build.0 = Release|Any CPU
		{2ADA9DA1-5E50-4BC7-A94D-1C8DBCEB8973}.Debug|Any CPU.ActiveCfg = Debug|Any CPU
		{2ADA9DA1-5E50-4BC7-A94D-1C8DBCEB8973}.Debug|Any CPU.Build.0 = Debug|Any CPU
		{2ADA9DA1-5E50-4BC7-A94D-1C8DBCEB8973}.Release|Any CPU.ActiveCfg = Release|Any CPU
		{2ADA9DA1-5E50-4BC7-A94D-1C8DBCEB8973}.Release|Any CPU.Build.0 = Release|Any CPU
	EndGlobalSection
	GlobalSection(SolutionProperties) = preSolution
		HideSolutionNode = FALSE
	EndGlobalSection
	GlobalSection(NestedProjects) = preSolution
		{14783390-7D24-4EAF-A576-2544D1B1B1EF} = {9642C4C4-1FCC-4F25-BD5A-3325428F2882}
		{AD25619A-EFBF-4710-BD98-85BC8BDA4AE9} = {9642C4C4-1FCC-4F25-BD5A-3325428F2882}
		{4E815D32-B1E2-4BE4-9B3D-3CC6CF8C7484} = {F015D250-F4FB-4904-93F2-15604A00F3FF}
		{17780D78-1CD1-4BC7-97F7-1A4007CED363} = {F015D250-F4FB-4904-93F2-15604A00F3FF}
		{54256375-5235-45B5-9C1F-F8E45AE11BC4} = {F6E913C7-749F-4515-8A50-415A5C0BDAE7}
		{BEFCF76E-7BBB-44A3-A93C-D52DC34A3F11} = {F6E913C7-749F-4515-8A50-415A5C0BDAE7}
		{4269A0D5-4D61-4C75-AAA3-63631C6ADBF8} = {F6E913C7-749F-4515-8A50-415A5C0BDAE7}
		{D61A3BF0-9C52-4C97-ADD6-171FB8665C0D} = {F015D250-F4FB-4904-93F2-15604A00F3FF}
		{085D0A81-8A19-4082-BF55-145F960374D1} = {B6B22FB8-21DB-4AC1-B692-CAB07561AF94}
		{F51E0FAB-B3E0-4BD3-A5F4-CDEBE47CE706} = {9642C4C4-1FCC-4F25-BD5A-3325428F2882}
		{65D5008A-0A79-4B9B-9F5B-57B1551BCC70} = {B6B22FB8-21DB-4AC1-B692-CAB07561AF94}
		{17CBEE10-5EE6-4A1A-AD95-D695C3CD0A74} = {B6B22FB8-21DB-4AC1-B692-CAB07561AF94}
		{D372E86A-D0B9-45D3-95F0-F4BE699A8A7C} = {B6B22FB8-21DB-4AC1-B692-CAB07561AF94}
		{74E7E7D8-0956-4590-A65F-D39257EC8E2A} = {D413D9EB-8AC4-40F8-AC7A-99A519E71533}
		{A3855225-AAF9-427A-828F-90757A97589B} = {D413D9EB-8AC4-40F8-AC7A-99A519E71533}
		{6165CECB-38F2-4DDE-808B-2686521596D9} = {F6E913C7-749F-4515-8A50-415A5C0BDAE7}
		{791E3C11-CFF0-4A81-8337-3972B957D1A0} = {F6E913C7-749F-4515-8A50-415A5C0BDAE7}
		{54127F0D-2AFC-44CE-8252-D0E9BC37FB6C} = {F6E913C7-749F-4515-8A50-415A5C0BDAE7}
		{3E2B90A5-0D5C-4968-ACC9-5A9858C7A7AA} = {D413D9EB-8AC4-40F8-AC7A-99A519E71533}
		{6C71B592-83E6-44C5-A4CD-0854D5518EE6} = {D413D9EB-8AC4-40F8-AC7A-99A519E71533}
		{06D0A229-F327-4D28-AE35-B6C25F4E0409} = {D413D9EB-8AC4-40F8-AC7A-99A519E71533}
		{0987217E-1572-42AC-B249-DCC237E57765} = {D413D9EB-8AC4-40F8-AC7A-99A519E71533}
		{7044DCA1-69BB-4B41-96BA-79687055C14C} = {B6B22FB8-21DB-4AC1-B692-CAB07561AF94}
		{32F23E70-48F1-4BAE-B9D9-54EF33693A7D} = {B6B22FB8-21DB-4AC1-B692-CAB07561AF94}
		{8715F52D-7315-4F0E-A2F4-B41E40B8A657} = {B6B22FB8-21DB-4AC1-B692-CAB07561AF94}
		{8E07360E-5052-4B45-B7D4-316C1652EBA1} = {B6B22FB8-21DB-4AC1-B692-CAB07561AF94}
		{1AB670D3-B3C1-4896-AFED-B1AEE7147FF1} = {B6B22FB8-21DB-4AC1-B692-CAB07561AF94}
		{9AA8C2B3-B90B-4A4C-A8E5-7CCEC08F51A6} = {B6B22FB8-21DB-4AC1-B692-CAB07561AF94}
		{2ADA9DA1-5E50-4BC7-A94D-1C8DBCEB8973} = {D413D9EB-8AC4-40F8-AC7A-99A519E71533}
	EndGlobalSection
	GlobalSection(ExtensibilityGlobals) = postSolution
		SolutionGuid = {4B2D5BDD-06CA-46B4-989B-9CA31B0DC192}
	EndGlobalSection
EndGlobal
