{
  "requires": true,
  "lockfileVersion": 1,
  "dependencies": {
    "@fortawesome/fontawesome-free": {
      "version": "5.15.1",
      "resolved": "https://registry.npmjs.org/@fortawesome/fontawesome-free/-/fontawesome-free-5.15.1.tgz",
      "integrity": "sha512-OEdH7SyC1suTdhBGW91/zBfR6qaIhThbcN8PUXtXilY4GYnSBbVqOntdHbC1vXwsDnX0Qix2m2+DSU1J51ybOQ==",
      "dev": true
    },
    "@types/numeral": {
      "version": "0.0.28",
      "resolved": "https://registry.npmjs.org/@types/numeral/-/numeral-0.0.28.tgz",
      "integrity": "sha512-Sjsy10w6XFHDktJJdXzBJmoondAKW+LcGpRFH+9+zXEDj0cOH8BxJuZA9vUDSMAzU1YRJlsPKmZEEiTYDlICLw=="
    },
    "numeral": {
      "version": "2.0.6",
      "resolved": "https://registry.npmjs.org/numeral/-/numeral-2.0.6.tgz",
      "integrity": "sha1-StCAk21EPCVhrtnyGX7//iX05QY="
    }
  }
}
